
Microsoft Visual Studio Solution File, Format Version 12.00
# Visual Studio Version 17
VisualStudioVersion = 17.14.36414.22 d17.14
MinimumVisualStudioVersion = 10.0.40219.1
Project("{FAE04EC0-301F-11D3-BF4B-00C04F79EFBC}") = "Task22", "Task22\Task22.csproj", "{7B03526D-1BFE-45CE-AA0A-09224B00D394}"
EndProject
Project("{FAE04EC0-301F-11D3-BF4B-00C04F79EFBC}") = "ModelsForProject", "ModelsForProject\ModelsForProject.csproj", "{E6DA41B5-3658-45C7-A549-7F2D2209DAF8}"
EndProject
Project("{FAE04EC0-301F-11D3-BF4B-00C04F79EFBC}") = "ContextForProject", "ContextForProject\ContextForProject.csproj", "{10B7A510-C2F7-4604-A3B0-F1C371A35B5E}"
EndProject
Project("{FAE04EC0-301F-11D3-BF4B-00C04F79EFBC}") = "RepositoryForProject", "RepositoryForProject\RepositoryForProject.csproj", "{9E1A29B1-A38F-4C1D-A8D2-A324BD3DEBE3}"
EndProject
Global
	GlobalSection(SolutionConfigurationPlatforms) = preSolution
		Debug|Any CPU = Debug|Any CPU
		Release|Any CPU = Release|Any CPU
	EndGlobalSection
	GlobalSection(ProjectConfigurationPlatforms) = postSolution
		{7B03526D-1BFE-45CE-AA0A-09224B00D394}.Debug|Any CPU.ActiveCfg = Debug|Any CPU
		{7B03526D-1BFE-45CE-AA0A-09224B00D394}.Debug|Any CPU.Build.0 = Debug|Any CPU
		{7B03526D-1BFE-45CE-AA0A-09224B00D394}.Release|Any CPU.ActiveCfg = Release|Any CPU
		{7B03526D-1BFE-45CE-AA0A-09224B00D394}.Release|Any CPU.Build.0 = Release|Any CPU
		{E6DA41B5-3658-45C7-A549-7F2D2209DAF8}.Debug|Any CPU.ActiveCfg = Debug|Any CPU
		{E6DA41B5-3658-45C7-A549-7F2D2209DAF8}.Debug|Any CPU.Build.0 = Debug|Any CPU
		{E6DA41B5-3658-45C7-A549-7F2D2209DAF8}.Release|Any CPU.ActiveCfg = Release|Any CPU
		{E6DA41B5-3658-45C7-A549-7F2D2209DAF8}.Release|Any CPU.Build.0 = Release|Any CPU
		{10B7A510-C2F7-4604-A3B0-F1C371A35B5E}.Debug|Any CPU.ActiveCfg = Debug|Any CPU
		{10B7A510-C2F7-4604-A3B0-F1C371A35B5E}.Debug|Any CPU.Build.0 = Debug|Any CPU
		{10B7A510-C2F7-4604-A3B0-F1C371A35B5E}.Release|Any CPU.ActiveCfg = Release|Any CPU
		{10B7A510-C2F7-4604-A3B0-F1C371A35B5E}.Release|Any CPU.Build.0 = Release|Any CPU
		{9E1A29B1-A38F-4C1D-A8D2-A324BD3DEBE3}.Debug|Any CPU.ActiveCfg = Debug|Any CPU
		{9E1A29B1-A38F-4C1D-A8D2-A324BD3DEBE3}.Debug|Any CPU.Build.0 = Debug|Any CPU
		{9E1A29B1-A38F-4C1D-A8D2-A324BD3DEBE3}.Release|Any CPU.ActiveCfg = Release|Any CPU
		{9E1A29B1-A38F-4C1D-A8D2-A324BD3DEBE3}.Release|Any CPU.Build.0 = Release|Any CPU
	EndGlobalSection
	GlobalSection(SolutionProperties) = preSolution
		HideSolutionNode = FALSE
	EndGlobalSection
	GlobalSection(ExtensibilityGlobals) = postSolution
		SolutionGuid = {1C53A2A5-1EDE-47DC-AF7C-110A33CAC2EC}
	EndGlobalSection
EndGlobal
