
Microsoft Visual Studio Solution File, Format Version 12.00
# Visual Studio Version 17
VisualStudioVersion = 17.14.36414.22 d17.14
MinimumVisualStudioVersion = 10.0.40219.1
Project("{FAE04EC0-301F-11D3-BF4B-00C04F79EFBC}") = "Task16", "Task16\Task16.csproj", "{B85FF39A-A3E5-4563-8F06-67FB4168C016}"
EndProject
Global
	GlobalSection(SolutionConfigurationPlatforms) = preSolution
		Debug|Any CPU = Debug|Any CPU
		Release|Any CPU = Release|Any CPU
	EndGlobalSection
	GlobalSection(ProjectConfigurationPlatforms) = postSolution
		{B85FF39A-A3E5-4563-8F06-67FB4168C016}.Debug|Any CPU.ActiveCfg = Debug|Any CPU
		{B85FF39A-A3E5-4563-8F06-67FB4168C016}.Debug|Any CPU.Build.0 = Debug|Any CPU
		{B85FF39A-A3E5-4563-8F06-67FB4168C016}.Release|Any CPU.ActiveCfg = Release|Any CPU
		{B85FF39A-A3E5-4563-8F06-67FB4168C016}.Release|Any CPU.Build.0 = Release|Any CPU
	EndGlobalSection
	GlobalSection(SolutionProperties) = preSolution
		HideSolutionNode = FALSE
	EndGlobalSection
	GlobalSection(ExtensibilityGlobals) = postSolution
		SolutionGuid = {B21567E4-3BE6-4883-80C2-E1B9EE45D9FB}
	EndGlobalSection
EndGlobal
