
Microsoft Visual Studio Solution File, Format Version 12.00
# Visual Studio Version 17
VisualStudioVersion = 17.14.36414.22 d17.14
MinimumVisualStudioVersion = 10.0.40219.1
Project("{FAE04EC0-301F-11D3-BF4B-00C04F79EFBC}") = "Task15", "Task15\Task15.csproj", "{173C28BE-198D-4120-953E-79D5FDFE6C0D}"
EndProject
Global
	GlobalSection(SolutionConfigurationPlatforms) = preSolution
		Debug|Any CPU = Debug|Any CPU
		Release|Any CPU = Release|Any CPU
	EndGlobalSection
	GlobalSection(ProjectConfigurationPlatforms) = postSolution
		{173C28BE-198D-4120-953E-79D5FDFE6C0D}.Debug|Any CPU.ActiveCfg = Debug|Any CPU
		{173C28BE-198D-4120-953E-79D5FDFE6C0D}.Debug|Any CPU.Build.0 = Debug|Any CPU
		{173C28BE-198D-4120-953E-79D5FDFE6C0D}.Release|Any CPU.ActiveCfg = Release|Any CPU
		{173C28BE-198D-4120-953E-79D5FDFE6C0D}.Release|Any CPU.Build.0 = Release|Any CPU
	EndGlobalSection
	GlobalSection(SolutionProperties) = preSolution
		HideSolutionNode = FALSE
	EndGlobalSection
	GlobalSection(ExtensibilityGlobals) = postSolution
		SolutionGuid = {9F721BD8-D274-4373-8748-1568876CAFD2}
	EndGlobalSection
EndGlobal
